PODS:
  - AFNetworking (3.1.0):
    - AFNetworking/NSURLSession (= 3.1.0)
    - AFNetworking/Reachability (= 3.1.0)
    - AFNetworking/Security (= 3.1.0)
    - AFNetworking/Serialization (= 3.1.0)
    - AFNetworking/UIKit (= 3.1.0)
  - AFNetworking/NSURLSession (3.1.0):
    - AFNetworking/Reachability
    - AFNetworking/Security
    - AFNetworking/Serialization
  - AFNetworking/Reachability (3.1.0)
  - AFNetworking/Security (3.1.0)
  - AFNetworking/Serialization (3.1.0)
  - AFNetworking/UIKit (3.1.0):
    - AFNetworking/NSURLSession
  - ALAssetsLibrary-CustomPhotoAlbum (1.3.1)
  - BlocksKit (2.2.5):
    - BlocksKit/All (= 2.2.5)
  - BlocksKit/All (2.2.5):
    - BlocksKit/Core
    - BlocksKit/DynamicDelegate
    - BlocksKit/MessageUI
    - BlocksKit/UIKit
  - BlocksKit/Core (2.2.5)
  - BlocksKit/DynamicDelegate (2.2.5)
  - BlocksKit/MessageUI (2.2.5):
    - BlocksKit/Core
    - BlocksKit/DynamicDelegate
  - BlocksKit/UIKit (2.2.5):
    - BlocksKit/Core
    - BlocksKit/DynamicDelegate
  - FCUUID (1.3.1):
    - UICKeyChainStore (~> 2.1.0)
  - GamePluginBase (0.2.7):
    - AFNetworking (~> 3.1.0)
    - ALAssetsLibrary-CustomPhotoAlbum (~> 1.3.0)
    - BlocksKit (~> 2.2.5)
    - FCUUID
    - JailbrokenDetector (~> 0.1.0)
    - MBProgressHUD (~> 0.9.1)
    - NSLogger (~> 1.5.1)
    - Reachability (~> 3.2)
    - UICKeyChainStore
  - JailbrokenDetector (0.1.0)
  - MBProgressHUD (0.9.2)
  - NSLogger (1.5.1):
    - NSLogger/Standard (= 1.5.1)
  - NSLogger/Standard (1.5.1)
  - Reachability (3.2)
  - UICKeyChainStore (2.1.1)

DEPENDENCIES:
  - GamePluginBase (from `../`)

EXTERNAL SOURCES:
  GamePluginBase:
    :path: "../"

SPEC CHECKSUMS:
  AFNetworking: 5e0e199f73d8626b11e79750991f5d173d1f8b67
  ALAssetsLibrary-CustomPhotoAlbum: 299ea3f58e988b453b19c595859354e562814c93
  BlocksKit: 7f422b971407001178d181a43b99014ea2591fe6
  FCUUID: bb054fc90cd7cd99320f9f6ff8e130fe607fba05
  GamePluginBase: 1d3d90ae453faef59337781e2c04b035c029e932
  JailbrokenDetector: 876cc32cf9ab41e249d44a5f2916a689137a4e33
  MBProgressHUD: 1569cf7ace17a8bac47aabfbb8580a49690386d1
  NSLogger: 5ed223a2436df96244e033be750656dacdeec034
  Reachability: 33e18b67625424e47b6cde6d202dce689ad7af96
  UICKeyChainStore: 239558492fa260531a0774cfc611ea83a6eaff3a

PODFILE CHECKSUM: 1b14f6423b8992b15612ed718106bfa268e201d3

COCOAPODS: 1.2.1
